
Microsoft Visual Studio Solution File, Format Version 12.00
# Visual Studio Version 17
VisualStudioVersion = 17.9.34723.18
MinimumVisualStudioVersion = 10.0.40219.1
Project("{FAE04EC0-301F-11D3-BF4B-00C04F79EFBC}") = "HomeWorkEight", "HomeWorkEight\HomeWorkEight.csproj", "{FEF1A2B6-3928-4C54-B71F-4ED8FCBF1821}"
EndProject
Global
	GlobalSection(SolutionConfigurationPlatforms) = preSolution
		Debug|Any CPU = Debug|Any CPU
		Release|Any CPU = Release|Any CPU
	EndGlobalSection
	GlobalSection(ProjectConfigurationPlatforms) = postSolution
		{FEF1A2B6-3928-4C54-B71F-4ED8FCBF1821}.Debug|Any CPU.ActiveCfg = Debug|Any CPU
		{FEF1A2B6-3928-4C54-B71F-4ED8FCBF1821}.Debug|Any CPU.Build.0 = Debug|Any CPU
		{FEF1A2B6-3928-4C54-B71F-4ED8FCBF1821}.Release|Any CPU.ActiveCfg = Release|Any CPU
		{FEF1A2B6-3928-4C54-B71F-4ED8FCBF1821}.Release|Any CPU.Build.0 = Release|Any CPU
	EndGlobalSection
	GlobalSection(SolutionProperties) = preSolution
		HideSolutionNode = FALSE
	EndGlobalSection
	GlobalSection(ExtensibilityGlobals) = postSolution
		SolutionGuid = {FE980580-E558-4F66-BE7F-12E5B49DD2F6}
	EndGlobalSection
EndGlobal
