
Microsoft Visual Studio Solution File, Format Version 12.00
# Visual Studio Version 17
VisualStudioVersion = 17.9.34723.18
MinimumVisualStudioVersion = 10.0.40219.1
Project("{FAE04EC0-301F-11D3-BF4B-00C04F79EFBC}") = "HomeWorkTwo", "HomeWorkTwo\HomeWorkTwo.csproj", "{94D5F85D-62CC-4067-A9F7-764E73DB037E}"
EndProject
Global
	GlobalSection(SolutionConfigurationPlatforms) = preSolution
		Debug|Any CPU = Debug|Any CPU
		Release|Any CPU = Release|Any CPU
	EndGlobalSection
	GlobalSection(ProjectConfigurationPlatforms) = postSolution
		{94D5F85D-62CC-4067-A9F7-764E73DB037E}.Debug|Any CPU.ActiveCfg = Debug|Any CPU
		{94D5F85D-62CC-4067-A9F7-764E73DB037E}.Debug|Any CPU.Build.0 = Debug|Any CPU
		{94D5F85D-62CC-4067-A9F7-764E73DB037E}.Release|Any CPU.ActiveCfg = Release|Any CPU
		{94D5F85D-62CC-4067-A9F7-764E73DB037E}.Release|Any CPU.Build.0 = Release|Any CPU
	EndGlobalSection
	GlobalSection(SolutionProperties) = preSolution
		HideSolutionNode = FALSE
	EndGlobalSection
	GlobalSection(ExtensibilityGlobals) = postSolution
		SolutionGuid = {EB40AC96-26E1-471A-9335-1B21D031292C}
	EndGlobalSection
EndGlobal
